
Microsoft Visual Studio Solution File, Format Version 12.00
# Visual Studio Version 17
VisualStudioVersion = 17.6.33801.468
MinimumVisualStudioVersion = 10.0.40219.1
Project("{9A19103F-16F7-4668-BE54-9A1E7A4F7556}") = "DevOverflow", "DevOverflow\DevOverflow.csproj", "{9045BF64-6D64-4FDE-949B-C301B80D0F8F}"
EndProject
Global
	GlobalSection(SolutionConfigurationPlatforms) = preSolution
		Debug|Any CPU = Debug|Any CPU
		Release|Any CPU = Release|Any CPU
	EndGlobalSection
	GlobalSection(ProjectConfigurationPlatforms) = postSolution
		{9045BF64-6D64-4FDE-949B-C301B80D0F8F}.Debug|Any CPU.ActiveCfg = Debug|Any CPU
		{9045BF64-6D64-4FDE-949B-C301B80D0F8F}.Debug|Any CPU.Build.0 = Debug|Any CPU
		{9045BF64-6D64-4FDE-949B-C301B80D0F8F}.Release|Any CPU.ActiveCfg = Release|Any CPU
		{9045BF64-6D64-4FDE-949B-C301B80D0F8F}.Release|Any CPU.Build.0 = Release|Any CPU
	EndGlobalSection
	GlobalSection(SolutionProperties) = preSolution
		HideSolutionNode = FALSE
	EndGlobalSection
	GlobalSection(ExtensibilityGlobals) = postSolution
		SolutionGuid = {434CCC26-7E73-4C03-B76F-5CE88CDE7068}
	EndGlobalSection
EndGlobal
